
Microsoft Visual Studio Solution File, Format Version 12.00
# Visual Studio 15
VisualStudioVersion = 15.0.26403.3
MinimumVisualStudioVersion = 10.0.40219.1
Project("{FAE04EC0-301F-11D3-BF4B-00C04F79EFBC}") = "WebApi", "RedArborApi\WebApi.csproj", "{1EB2FA1F-F866-44E4-9BFC-42F1C70A816F}"
EndProject
Project("{FAE04EC0-301F-11D3-BF4B-00C04F79EFBC}") = "WebApi.Tests", "RedArborApi.Tests\WebApi.Tests.csproj", "{E031C176-1284-40C4-B8C9-C1468CEA8D08}"
EndProject
Project("{FAE04EC0-301F-11D3-BF4B-00C04F79EFBC}") = "Data", "DataAccess\Data.csproj", "{617DE35A-ACBC-4F26-A031-75A004C9979E}"
EndProject
Global
	GlobalSection(SolutionConfigurationPlatforms) = preSolution
		Debug|Any CPU = Debug|Any CPU
		Release|Any CPU = Release|Any CPU
	EndGlobalSection
	GlobalSection(ProjectConfigurationPlatforms) = postSolution
		{1EB2FA1F-F866-44E4-9BFC-42F1C70A816F}.Debug|Any CPU.ActiveCfg = Debug|Any CPU
		{1EB2FA1F-F866-44E4-9BFC-42F1C70A816F}.Debug|Any CPU.Build.0 = Debug|Any CPU
		{1EB2FA1F-F866-44E4-9BFC-42F1C70A816F}.Release|Any CPU.ActiveCfg = Release|Any CPU
		{1EB2FA1F-F866-44E4-9BFC-42F1C70A816F}.Release|Any CPU.Build.0 = Release|Any CPU
		{E031C176-1284-40C4-B8C9-C1468CEA8D08}.Debug|Any CPU.ActiveCfg = Debug|Any CPU
		{E031C176-1284-40C4-B8C9-C1468CEA8D08}.Debug|Any CPU.Build.0 = Debug|Any CPU
		{E031C176-1284-40C4-B8C9-C1468CEA8D08}.Release|Any CPU.ActiveCfg = Release|Any CPU
		{E031C176-1284-40C4-B8C9-C1468CEA8D08}.Release|Any CPU.Build.0 = Release|Any CPU
		{617DE35A-ACBC-4F26-A031-75A004C9979E}.Debug|Any CPU.ActiveCfg = Debug|Any CPU
		{617DE35A-ACBC-4F26-A031-75A004C9979E}.Debug|Any CPU.Build.0 = Debug|Any CPU
		{617DE35A-ACBC-4F26-A031-75A004C9979E}.Release|Any CPU.ActiveCfg = Release|Any CPU
		{617DE35A-ACBC-4F26-A031-75A004C9979E}.Release|Any CPU.Build.0 = Release|Any CPU
	EndGlobalSection
	GlobalSection(SolutionProperties) = preSolution
		HideSolutionNode = FALSE
	EndGlobalSection
EndGlobal
